
Microsoft Visual Studio Solution File, Format Version 12.00
# Visual Studio Version 16
VisualStudioVersion = 16.0.31112.23
MinimumVisualStudioVersion = 10.0.40219.1
Project("{FAE04EC0-301F-11D3-BF4B-00C04F79EFBC}") = "Revision", "Revision.csproj", "{63F68ED1-C15E-4B9D-8A1B-A6470B8EFF39}"
EndProject
Global
	GlobalSection(SolutionConfigurationPlatforms) = preSolution
		Debug|Any CPU = Debug|Any CPU
		Release|Any CPU = Release|Any CPU
	EndGlobalSection
	GlobalSection(ProjectConfigurationPlatforms) = postSolution
		{63F68ED1-C15E-4B9D-8A1B-A6470B8EFF39}.Debug|Any CPU.ActiveCfg = Debug|Any CPU
		{63F68ED1-C15E-4B9D-8A1B-A6470B8EFF39}.Debug|Any CPU.Build.0 = Debug|Any CPU
		{63F68ED1-C15E-4B9D-8A1B-A6470B8EFF39}.Release|Any CPU.ActiveCfg = Release|Any CPU
		{63F68ED1-C15E-4B9D-8A1B-A6470B8EFF39}.Release|Any CPU.Build.0 = Release|Any CPU
	EndGlobalSection
	GlobalSection(SolutionProperties) = preSolution
		HideSolutionNode = FALSE
	EndGlobalSection
	GlobalSection(ExtensibilityGlobals) = postSolution
		SolutionGuid = {B58EAB93-9FD7-45F5-A8B3-64CA8D0B5DA5}
	EndGlobalSection
EndGlobal
